
Microsoft Visual Studio Solution File, Format Version 12.00
# Visual Studio Version 17
VisualStudioVersion = 17.11.35327.3
MinimumVisualStudioVersion = 10.0.40219.1
Project("{FAE04EC0-301F-11D3-BF4B-00C04F79EFBC}") = "jarmedicalrecursoshumanos", "jarmedicalrecursoshumanos.csproj", "{2FC4E242-F1A1-44F5-9B00-AEA8104045A9}"
EndProject
Global
	GlobalSection(SolutionConfigurationPlatforms) = preSolution
		Debug|Any CPU = Debug|Any CPU
		Release|Any CPU = Release|Any CPU
	EndGlobalSection
	GlobalSection(ProjectConfigurationPlatforms) = postSolution
		{2FC4E242-F1A1-44F5-9B00-AEA8104045A9}.Debug|Any CPU.ActiveCfg = Debug|Any CPU
		{2FC4E242-F1A1-44F5-9B00-AEA8104045A9}.Debug|Any CPU.Build.0 = Debug|Any CPU
		{2FC4E242-F1A1-44F5-9B00-AEA8104045A9}.Release|Any CPU.ActiveCfg = Release|Any CPU
		{2FC4E242-F1A1-44F5-9B00-AEA8104045A9}.Release|Any CPU.Build.0 = Release|Any CPU
	EndGlobalSection
	GlobalSection(SolutionProperties) = preSolution
		HideSolutionNode = FALSE
	EndGlobalSection
	GlobalSection(ExtensibilityGlobals) = postSolution
		SolutionGuid = {121AB278-502D-4B68-9EE2-14A26EBE6BB9}
	EndGlobalSection
EndGlobal
